
Microsoft Visual Studio Solution File, Format Version 12.00
Project("{FAE04EC0-301F-11D3-BF4B-00C04F79EFBC}") = "Shaura.OOP.Lab1", "Shaura.OOP.Lab1\Shaura.OOP.Lab1.csproj", "{32F1B7B2-CBE7-4224-AE91-EA374A677FB5}"
EndProject
Project("{FAE04EC0-301F-11D3-BF4B-00C04F79EFBC}") = "Shaura.OOP.Lab2", "Shaura.OOP.Lab2\Shaura.OOP.Lab2.csproj", "{6BFC4042-1C7E-4775-A953-90EF9FA1FA98}"
EndProject
Project("{FAE04EC0-301F-11D3-BF4B-00C04F79EFBC}") = "Shaura.OOP.Lab3", "Shaura.OOP.Lab3\Shaura.OOP.Lab3.csproj", "{5D866760-0DC9-4FC8-BE93-E3FBB00C6C57}"
EndProject
Global
	GlobalSection(SolutionConfigurationPlatforms) = preSolution
		Debug|Any CPU = Debug|Any CPU
		Release|Any CPU = Release|Any CPU
	EndGlobalSection
	GlobalSection(ProjectConfigurationPlatforms) = postSolution
		{32F1B7B2-CBE7-4224-AE91-EA374A677FB5}.Debug|Any CPU.ActiveCfg = Debug|Any CPU
		{32F1B7B2-CBE7-4224-AE91-EA374A677FB5}.Debug|Any CPU.Build.0 = Debug|Any CPU
		{32F1B7B2-CBE7-4224-AE91-EA374A677FB5}.Release|Any CPU.ActiveCfg = Release|Any CPU
		{32F1B7B2-CBE7-4224-AE91-EA374A677FB5}.Release|Any CPU.Build.0 = Release|Any CPU
		{6BFC4042-1C7E-4775-A953-90EF9FA1FA98}.Debug|Any CPU.ActiveCfg = Debug|Any CPU
		{6BFC4042-1C7E-4775-A953-90EF9FA1FA98}.Debug|Any CPU.Build.0 = Debug|Any CPU
		{6BFC4042-1C7E-4775-A953-90EF9FA1FA98}.Release|Any CPU.ActiveCfg = Release|Any CPU
		{6BFC4042-1C7E-4775-A953-90EF9FA1FA98}.Release|Any CPU.Build.0 = Release|Any CPU
		{5D866760-0DC9-4FC8-BE93-E3FBB00C6C57}.Debug|Any CPU.ActiveCfg = Debug|Any CPU
		{5D866760-0DC9-4FC8-BE93-E3FBB00C6C57}.Debug|Any CPU.Build.0 = Debug|Any CPU
		{5D866760-0DC9-4FC8-BE93-E3FBB00C6C57}.Release|Any CPU.ActiveCfg = Release|Any CPU
		{5D866760-0DC9-4FC8-BE93-E3FBB00C6C57}.Release|Any CPU.Build.0 = Release|Any CPU
	EndGlobalSection
EndGlobal
